// !$*UTF8*$!
{
	archiveVersion = 1;
	classes = {
	};
	objectVersion = 50;
	objects = {

/* Begin PBXBuildFile section */
		55D84728248A696B0026280E /* AppDelegate.swift in Sources */ = {isa = PBXBuildFile; fileRef = 55D84727248A696B0026280E /* AppDelegate.swift */; };
		55D8472C248A696B0026280E /* ViewController.swift in Sources */ = {isa = PBXBuildFile; fileRef = 55D8472B248A696B0026280E /* ViewController.swift */; };
		55D8472F248A696B0026280E /* Main.storyboard in Resources */ = {isa = PBXBuildFile; fileRef = 55D8472D248A696B0026280E /* Main.storyboard */; };
		55D84731248A696E0026280E /* Assets.xcassets in Resources */ = {isa = PBXBuildFile; fileRef = 55D84730248A696E0026280E /* Assets.xcassets */; };
		55D84734248A696E0026280E /* LaunchScreen.storyboard in Resources */ = {isa = PBXBuildFile; fileRef = 55D84732248A696E0026280E /* LaunchScreen.storyboard */; };
		9E3A3938063B9ED7E2D7A71D /* Pods_ios2020GroupProject.framework in Frameworks */ = {isa = PBXBuildFile; fileRef = B566E9A145E1C78D360B4036 /* Pods_ios2020GroupProject.framework */; };
/* End PBXBuildFile section */

/* Begin PBXFileReference section */
		43CCAD011F07EFD62B98F223 /* Pods-ios2020GroupProject.release.xcconfig */ = {isa = PBXFileReference; includeInIndex = 1; lastKnownFileType = text.xcconfig; name = "Pods-ios2020GroupProject.release.xcconfig"; path = "Target Support Files/Pods-ios2020GroupProject/Pods-ios2020GroupProject.release.xcconfig"; sourceTree = "<group>"; };
		55D84724248A696A0026280E /* ios2020GroupProject.app */ = {isa = PBXFileReference; explicitFileType = wrapper.application; includeInIndex = 0; path = ios2020GroupProject.app; sourceTree = BUILT_PRODUCTS_DIR; };
		55D84727248A696B0026280E /* AppDelegate.swift */ = {isa = PBXFileReference; lastKnownFileType = sourcecode.swift; path = AppDelegate.swift; sourceTree = "<group>"; };
		55D8472B248A696B0026280E /* ViewController.swift */ = {isa = PBXFileReference; lastKnownFileType = sourcecode.swift; path = ViewController.swift; sourceTree = "<group>"; };
		55D8472E248A696B0026280E /* Base */ = {isa = PBXFileReference; lastKnownFileType = file.storyboard; name = Base; path = Base.lproj/Main.storyboard; sourceTree = "<group>"; };
		55D84730248A696E0026280E /* Assets.xcassets */ = {isa = PBXFileReference; lastKnownFileType = folder.assetcatalog; path = Assets.xcassets; sourceTree = "<group>"; };
		55D84733248A696E0026280E /* Base */ = {isa = PBXFileReference; lastKnownFileType = file.storyboard; name = Base; path = Base.lproj/LaunchScreen.storyboard; sourceTree = "<group>"; };
		55D84735248A696E0026280E /* Info.plist */ = {isa = PBXFileReference; lastKnownFileType = text.plist.xml; path = Info.plist; sourceTree = "<group>"; };
		B566E9A145E1C78D360B4036 /* Pods_ios2020GroupProject.framework */ = {isa = PBXFileReference; explicitFileType = wrapper.framework; includeInIndex = 0; path = Pods_ios2020GroupProject.framework; sourceTree = BUILT_PRODUCTS_DIR; };
		BDC90C53C0E1BFC237BB4E84 /* Pods-ios2020GroupProject.debug.xcconfig */ = {isa = PBXFileReference; includeInIndex = 1; lastKnownFileType = text.xcconfig; name = "Pods-ios2020GroupProject.debug.xcconfig"; path = "Target Support Files/Pods-ios2020GroupProject/Pods-ios2020GroupProject.debug.xcconfig"; sourceTree = "<group>"; };
/* End PBXFileReference section */

/* Begin PBXFrameworksBuildPhase section */
		55D84721248A696A0026280E /* Frameworks */ = {
			isa = PBXFrameworksBuildPhase;
			buildActionMask = 2147483647;
			files = (
				9E3A3938063B9ED7E2D7A71D /* Pods_ios2020GroupProject.framework in Frameworks */,
			);
			runOnlyForDeploymentPostprocessing = 0;
		};
/* End PBXFrameworksBuildPhase section */

/* Begin PBXGroup section */
		305FA8882F510FF465906805 /* Frameworks */ = {
			isa = PBXGroup;
			children = (
				B566E9A145E1C78D360B4036 /* Pods_ios2020GroupProject.framework */,
			);
			name = Frameworks;
			sourceTree = "<group>";
		};
		3FF892ADB23CC8719E59DAA4 /* Pods */ = {
			isa = PBXGroup;
			children = (
				BDC90C53C0E1BFC237BB4E84 /* Pods-ios2020GroupProject.debug.xcconfig */,
				43CCAD011F07EFD62B98F223 /* Pods-ios2020GroupProject.release.xcconfig */,
			);
			name = Pods;
			path = Pods;
			sourceTree = "<group>";
		};
		55D8471B248A696A0026280E = {
			isa = PBXGroup;
			children = (
				55D84726248A696A0026280E /* ios2020GroupProject */,
				55D84725248A696A0026280E /* Products */,
				3FF892ADB23CC8719E59DAA4 /* Pods */,
				305FA8882F510FF465906805 /* Frameworks */,
			);
			sourceTree = "<group>";
		};
		55D84725248A696A0026280E /* Products */ = {
			isa = PBXGroup;
			children = (
				55D84724248A696A0026280E /* ios2020GroupProject.app */,
			);
			name = Products;
			sourceTree = "<group>";
		};
		55D84726248A696A0026280E /* ios2020GroupProject */ = {
			isa = PBXGroup;
			children = (
				7F46077E248EB15B00D2FFF5 /* Resources */,
				55D84727248A696B0026280E /* AppDelegate.swift */,
				55D8472B248A696B0026280E /* ViewController.swift */,
				55D8472D248A696B0026280E /* Main.storyboard */,
				55D84732248A696E0026280E /* LaunchScreen.storyboard */,
				55D84735248A696E0026280E /* Info.plist */,
			);
			path = ios2020GroupProject;
			sourceTree = "<group>";
		};
		7F46077E248EB15B00D2FFF5 /* Resources */ = {
			isa = PBXGroup;
			children = (
				55D84730248A696E0026280E /* Assets.xcassets */,
			);
			path = Resources;
			sourceTree = "<group>";
		};
/* End PBXGroup section */

/* Begin PBXNativeTarget section */
		55D84723248A696A0026280E /* ios2020GroupProject */ = {
			isa = PBXNativeTarget;
			buildConfigurationList = 55D84738248A696E0026280E /* Build configuration list for PBXNativeTarget "ios2020GroupProject" */;
			buildPhases = (
				E75C1E9EF98C0B49BFF83B6F /* [CP] Check Pods Manifest.lock */,
				55D84720248A696A0026280E /* Sources */,
				55D84721248A696A0026280E /* Frameworks */,
				55D84722248A696A0026280E /* Resources */,
				34888A4A7A3A222EEFEFCC46 /* [CP] Embed Pods Frameworks */,
			);
			buildRules = (
			);
			dependencies = (
			);
			name = ios2020GroupProject;
			productName = ios2020GroupProject;
			productReference = 55D84724248A696A0026280E /* ios2020GroupProject.app */;
			productType = "com.apple.product-type.application";
		};
/* End PBXNativeTarget section */

/* Begin PBXProject section */
		55D8471C248A696A0026280E /* Project object */ = {
			isa = PBXProject;
			attributes = {
				LastSwiftUpdateCheck = 1150;
				LastUpgradeCheck = 1150;
				ORGANIZATIONNAME = CodingAVision;
				TargetAttributes = {
					55D84723248A696A0026280E = {
						CreatedOnToolsVersion = 11.5;
					};
				};
			};
			buildConfigurationList = 55D8471F248A696A0026280E /* Build configuration list for PBXProject "ios2020GroupProject" */;
			compatibilityVersion = "Xcode 9.3";
			developmentRegion = en;
			hasScannedForEncodings = 0;
			knownRegions = (
				en,
				Base,
			);
			mainGroup = 55D8471B248A696A0026280E;
			productRefGroup = 55D84725248A696A0026280E /* Products */;
			projectDirPath = "";
			projectRoot = "";
			targets = (
				55D84723248A696A0026280E /* ios2020GroupProject */,
			);
		};
/* End PBXProject section */

/* Begin PBXResourcesBuildPhase section */
		55D84722248A696A0026280E /* Resources */ = {
			isa = PBXResourcesBuildPhase;
			buildActionMask = 2147483647;
			files = (
				55D84734248A696E0026280E /* LaunchScreen.storyboard in Resources */,
				55D84731248A696E0026280E /* Assets.xcassets in Resources */,
				55D8472F248A696B0026280E /* Main.storyboard in Resources */,
			);
			runOnlyForDeploymentPostprocessing = 0;
		};
/* End PBXResourcesBuildPhase section */

/* Begin PBXShellScriptBuildPhase section */
		34888A4A7A3A222EEFEFCC46 /* [CP] Embed Pods Frameworks */ = {
			isa = PBXShellScriptBuildPhase;
			buildActionMask = 2147483647;
			files = (
			);
			inputFileListPaths = (
				"${PODS_ROOT}/Target Support Files/Pods-ios2020GroupProject/Pods-ios2020GroupProject-frameworks-${CONFIGURATION}-input-files.xcfilelist",
			);
			name = "[CP] Embed Pods Frameworks";
			outputFileListPaths = (
				"${PODS_ROOT}/Target Support Files/Pods-ios2020GroupProject/Pods-ios2020GroupProject-frameworks-${CONFIGURATION}-output-files.xcfilelist",
			);
			runOnlyForDeploymentPostprocessing = 0;
			shellPath = /bin/sh;
			shellScript = "\"${PODS_ROOT}/Target Support Files/Pods-ios2020GroupProject/Pods-ios2020GroupProject-frameworks.sh\"\n";
			showEnvVarsInLog = 0;
		};
		E75C1E9EF98C0B49BFF83B6F /* [CP] Check Pods Manifest.lock */ = {
			isa = PBXShellScriptBuildPhase;
			buildActionMask = 2147483647;
			files = (
			);
			inputFileListPaths = (
			);
			inputPaths = (
				"${PODS_PODFILE_DIR_PATH}/Podfile.lock",
				"${PODS_ROOT}/Manifest.lock",
			);
			name = "[CP] Check Pods Manifest.lock";
			outputFileListPaths = (
			);
			outputPaths = (
				"$(DERIVED_FILE_DIR)/Pods-ios2020GroupProject-checkManifestLockResult.txt",
			);
			runOnlyForDeploymentPostprocessing = 0;
			shellPath = /bin/sh;
			shellScript = "diff \"${PODS_PODFILE_DIR_PATH}/Podfile.lock\" \"${PODS_ROOT}/Manifest.lock\" > /dev/null\nif [ $? != 0 ] ; then\n    # print error to STDERR\n    echo \"error: The sandbox is not in sync with the Podfile.lock. Run 'pod install' or update your CocoaPods installation.\" >&2\n    exit 1\nfi\n# This output is used by Xcode 'outputs' to avoid re-running this script phase.\necho \"SUCCESS\" > \"${SCRIPT_OUTPUT_FILE_0}\"\n";
			showEnvVarsInLog = 0;
		};
/* End PBXShellScriptBuildPhase section */

/* Begin PBXSourcesBuildPhase section */
		55D84720248A696A0026280E /* Sources */ = {
			isa = PBXSourcesBuildPhase;
			buildActionMask = 2147483647;
			files = (
				55D8472C248A696B0026280E /* ViewController.swift in Sources */,
				55D84728248A696B0026280E /* AppDelegate.swift in Sources */,
			);
			runOnlyForDeploymentPostprocessing = 0;
		};
/* End PBXSourcesBuildPhase section */

/* Begin PBXVariantGroup section */
		55D8472D248A696B0026280E /* Main.storyboard */ = {
			isa = PBXVariantGroup;
			children = (
				55D8472E248A696B0026280E /* Base */,
			);
			name = Main.storyboard;
			sourceTree = "<group>";
		};
		55D84732248A696E0026280E /* LaunchScreen.storyboard */ = {
			isa = PBXVariantGroup;
			children = (
				55D84733248A696E0026280E /* Base */,
			);
			name = LaunchScreen.storyboard;
			sourceTree = "<group>";
		};
/* End PBXVariantGroup section */

/* Begin XCBuildConfiguration section */
		55D84736248A696E0026280E /* Debug */ = {
			isa = XCBuildConfiguration;
			buildSettings = {
				ALWAYS_SEARCH_USER_PATHS = NO;
				CLANG_ANALYZER_NONNULL = YES;
				CLANG_ANALYZER_NUMBER_OBJECT_CONVERSION = YES_AGGRESSIVE;
				CLANG_CXX_LANGUAGE_STANDARD = "gnu++14";
				CLANG_CXX_LIBRARY = "libc++";
				CLANG_ENABLE_MODULES = YES;
				CLANG_ENABLE_OBJC_ARC = YES;
				CLANG_ENABLE_OBJC_WEAK = YES;
				CLANG_WARN_BLOCK_CAPTURE_AUTORELEASING = YES;
				CLANG_WARN_BOOL_CONVERSION = YES;
				CLANG_WARN_COMMA = YES;
				CLANG_WARN_CONSTANT_CONVERSION = YES;
				CLANG_WARN_DEPRECATED_OBJC_IMPLEMENTATIONS = YES;
				CLANG_WARN_DIRECT_OBJC_ISA_USAGE = YES_ERROR;
				CLANG_WARN_DOCUMENTATION_COMMENTS = YES;
				CLANG_WARN_EMPTY_BODY = YES;
				CLANG_WARN_ENUM_CONVERSION = YES;
				CLANG_WARN_INFINITE_RECURSION = YES;
				CLANG_WARN_INT_CONVERSION = YES;
				CLANG_WARN_NON_LITERAL_NULL_CONVERSION = YES;
				CLANG_WARN_OBJC_IMPLICIT_RETAIN_SELF = YES;
				CLANG_WARN_OBJC_LITERAL_CONVERSION = YES;
				CLANG_WARN_OBJC_ROOT_CLASS = YES_ERROR;
				CLANG_WARN_RANGE_LOOP_ANALYSIS = YES;
				CLANG_WARN_STRICT_PROTOTYPES = YES;
				CLANG_WARN_SUSPICIOUS_MOVE = YES;
				CLANG_WARN_UNGUARDED_AVAILABILITY = YES_AGGRESSIVE;
				CLANG_WARN_UNREACHABLE_CODE = YES;
				CLANG_WARN__DUPLICATE_METHOD_MATCH = YES;
				COPY_PHASE_STRIP = NO;
				DEBUG_INFORMATION_FORMAT = dwarf;
				ENABLE_STRICT_OBJC_MSGSEND = YES;
				ENABLE_TESTABILITY = YES;
				GCC_C_LANGUAGE_STANDARD = gnu11;
				GCC_DYNAMIC_NO_PIC = NO;
				GCC_NO_COMMON_BLOCKS = YES;
				GCC_OPTIMIZATION_LEVEL = 0;
				GCC_PREPROCESSOR_DEFINITIONS = (
					"DEBUG=1",
					"$(inherited)",
				);
				GCC_WARN_64_TO_32_BIT_CONVERSION = YES;
				GCC_WARN_ABOUT_RETURN_TYPE = YES_ERROR;
				GCC_WARN_UNDECLARED_SELECTOR = YES;
				GCC_WARN_UNINITIALIZED_AUTOS = YES_AGGRESSIVE;
				GCC_WARN_UNUSED_FUNCTION = YES;
				GCC_WARN_UNUSED_VARIABLE = YES;
				IPHONEOS_DEPLOYMENT_TARGET = 13.5;
				MTL_ENABLE_DEBUG_INFO = INCLUDE_SOURCE;
				MTL_FAST_MATH = YES;
				ONLY_ACTIVE_ARCH = YES;
				SDKROOT = iphoneos;
				SWIFT_ACTIVE_COMPILATION_CONDITIONS = DEBUG;
				SWIFT_OPTIMIZATION_LEVEL = "-Onone";
			};
			name = Debug;
		};
		55D84737248A696E0026280E /* Release */ = {
			isa = XCBuildConfiguration;
			buildSettings = {
				ALWAYS_SEARCH_USER_PATHS = NO;
				CLANG_ANALYZER_NONNULL = YES;
				CLANG_ANALYZER_NUMBER_OBJECT_CONVERSION = YES_AGGRESSIVE;
				CLANG_CXX_LANGUAGE_STANDARD = "gnu++14";
				CLANG_CXX_LIBRARY = "libc++";
				CLANG_ENABLE_MODULES = YES;
				CLANG_ENABLE_OBJC_ARC = YES;
				CLANG_ENABLE_OBJC_WEAK = YES;
				CLANG_WARN_BLOCK_CAPTURE_AUTORELEASING = YES;
				CLANG_WARN_BOOL_CONVERSION = YES;
				CLANG_WARN_COMMA = YES;
				CLANG_WARN_CONSTANT_CONVERSION = YES;
				CLANG_WARN_DEPRECATED_OBJC_IMPLEMENTATIONS = YES;
				CLANG_WARN_DIRECT_OBJC_ISA_USAGE = YES_ERROR;
				CLANG_WARN_DOCUMENTATION_COMMENTS = YES;
				CLANG_WARN_EMPTY_BODY = YES;
				CLANG_WARN_ENUM_CONVERSION = YES;
				CLANG_WARN_INFINITE_RECURSION = YES;
				CLANG_WARN_INT_CONVERSION = YES;
				CLANG_WARN_NON_LITERAL_NULL_CONVERSION = YES;
				CLANG_WARN_OBJC_IMPLICIT_RETAIN_SELF = YES;
				CLANG_WARN_OBJC_LITERAL_CONVERSION = YES;
				CLANG_WARN_OBJC_ROOT_CLASS = YES_ERROR;
				CLANG_WARN_RANGE_LOOP_ANALYSIS = YES;
				CLANG_WARN_STRICT_PROTOTYPES = YES;
				CLANG_WARN_SUSPICIOUS_MOVE = YES;
				CLANG_WARN_UNGUARDED_AVAILABILITY = YES_AGGRESSIVE;
				CLANG_WARN_UNREACHABLE_CODE = YES;
				CLANG_WARN__DUPLICATE_METHOD_MATCH = YES;
				COPY_PHASE_STRIP = NO;
				DEBUG_INFORMATION_FORMAT = "dwarf-with-dsym";
				ENABLE_NS_ASSERTIONS = NO;
				ENABLE_STRICT_OBJC_MSGSEND = YES;
				GCC_C_LANGUAGE_STANDARD = gnu11;
				GCC_NO_COMMON_BLOCKS = YES;
				GCC_WARN_64_TO_32_BIT_CONVERSION = YES;
				GCC_WARN_ABOUT_RETURN_TYPE = YES_ERROR;
				GCC_WARN_UNDECLARED_SELECTOR = YES;
				GCC_WARN_UNINITIALIZED_AUTOS = YES_AGGRESSIVE;
				GCC_WARN_UNUSED_FUNCTION = YES;
				GCC_WARN_UNUSED_VARIABLE = YES;
				IPHONEOS_DEPLOYMENT_TARGET = 13.5;
				MTL_ENABLE_DEBUG_INFO = NO;
				MTL_FAST_MATH = YES;
				SDKROOT = iphoneos;
				SWIFT_COMPILATION_MODE = wholemodule;
				SWIFT_OPTIMIZATION_LEVEL = "-O";
				VALIDATE_PRODUCT = YES;
			};
			name = Release;
		};
		55D84739248A696E0026280E /* Debug */ = {
			isa = XCBuildConfiguration;
			baseConfigurationReference = BDC90C53C0E1BFC237BB4E84 /* Pods-ios2020GroupProject.debug.xcconfig */;
			buildSettings = {
				ASSETCATALOG_COMPILER_APPICON_NAME = AppIcon;
				CODE_SIGN_STYLE = Automatic;
				INFOPLIST_FILE = ios2020GroupProject/Info.plist;
				IPHONEOS_DEPLOYMENT_TARGET = 12.0;
				LD_RUNPATH_SEARCH_PATHS = (
					"$(inherited)",
					"@executable_path/Frameworks",
				);
				PRODUCT_BUNDLE_IDENTIFIER = it.codingavision.ios2020GroupProject;
				PRODUCT_NAME = "$(TARGET_NAME)";
				SWIFT_VERSION = 5.0;
				TARGETED_DEVICE_FAMILY = "1,2";
			};
			name = Debug;
		};
		55D8473A248A696E0026280E /* Release */ = {
			isa = XCBuildConfiguration;
			baseConfigurationReference = 43CCAD011F07EFD62B98F223 /* Pods-ios2020GroupProject.release.xcconfig */;
			buildSettings = {
				ASSETCATALOG_COMPILER_APPICON_NAME = AppIcon;
				CODE_SIGN_STYLE = Automatic;
				INFOPLIST_FILE = ios2020GroupProject/Info.plist;
				IPHONEOS_DEPLOYMENT_TARGET = 12.0;
				LD_RUNPATH_SEARCH_PATHS = (
					"$(inherited)",
					"@executable_path/Frameworks",
				);
				PRODUCT_BUNDLE_IDENTIFIER = it.codingavision.ios2020GroupProject;
				PRODUCT_NAME = "$(TARGET_NAME)";
				SWIFT_VERSION = 5.0;
				TARGETED_DEVICE_FAMILY = "1,2";
			};
			name = Release;
		};
/* End XCBuildConfiguration section */

/* Begin XCConfigurationList section */
		55D8471F248A696A0026280E /* Build configuration list for PBXProject "ios2020GroupProject" */ = {
			isa = XCConfigurationList;
			buildConfigurations = (
				55D84736248A696E0026280E /* Debug */,
				55D84737248A696E0026280E /* Release */,
			);
			defaultConfigurationIsVisible = 0;
			defaultConfigurationName = Release;
		};
		55D84738248A696E0026280E /* Build configuration list for PBXNativeTarget "ios2020GroupProject" */ = {
			isa = XCConfigurationList;
			buildConfigurations = (
				55D84739248A696E0026280E /* Debug */,
				55D8473A248A696E0026280E /* Release */,
			);
			defaultConfigurationIsVisible = 0;
			defaultConfigurationName = Release;
		};
/* End XCConfigurationList section */
	};
	rootObject = 55D8471C248A696A0026280E /* Project object */;
}
